
Microsoft Visual Studio Solution File, Format Version 12.00
# Visual Studio 15
VisualStudioVersion = 15.0.26403.0
MinimumVisualStudioVersion = 10.0.40219.1
Project("{FAE04EC0-301F-11D3-BF4B-00C04F79EFBC}") = "Mazes", "Mazes\Mazes.csproj", "{0B4665B0-1CB1-4F93-A248-F3EAA9882EBE}"
EndProject
Project("{FAE04EC0-301F-11D3-BF4B-00C04F79EFBC}") = "Grid", "Grid\Grid.csproj", "{A03B8EB3-8218-4417-A019-8472C3654AFA}"
EndProject
Project("{FAE04EC0-301F-11D3-BF4B-00C04F79EFBC}") = "MazeAlgorithms", "MazeAlgorithms\MazeAlgorithms.csproj", "{FBBAC903-4911-4FBE-AC98-3D4C7D061F58}"
EndProject
Project("{FAE04EC0-301F-11D3-BF4B-00C04F79EFBC}") = "MazeGenerator", "MazeGenerator\MazeGenerator.csproj", "{CD10BD10-F30B-4065-B82E-213C6703BA76}"
EndProject
Global
	GlobalSection(SolutionConfigurationPlatforms) = preSolution
		Debug|Any CPU = Debug|Any CPU
		Release|Any CPU = Release|Any CPU
	EndGlobalSection
	GlobalSection(ProjectConfigurationPlatforms) = postSolution
		{0B4665B0-1CB1-4F93-A248-F3EAA9882EBE}.Debug|Any CPU.ActiveCfg = Debug|Any CPU
		{0B4665B0-1CB1-4F93-A248-F3EAA9882EBE}.Debug|Any CPU.Build.0 = Debug|Any CPU
		{0B4665B0-1CB1-4F93-A248-F3EAA9882EBE}.Release|Any CPU.ActiveCfg = Release|Any CPU
		{0B4665B0-1CB1-4F93-A248-F3EAA9882EBE}.Release|Any CPU.Build.0 = Release|Any CPU
		{A03B8EB3-8218-4417-A019-8472C3654AFA}.Debug|Any CPU.ActiveCfg = Debug|Any CPU
		{A03B8EB3-8218-4417-A019-8472C3654AFA}.Debug|Any CPU.Build.0 = Debug|Any CPU
		{A03B8EB3-8218-4417-A019-8472C3654AFA}.Release|Any CPU.ActiveCfg = Release|Any CPU
		{A03B8EB3-8218-4417-A019-8472C3654AFA}.Release|Any CPU.Build.0 = Release|Any CPU
		{FBBAC903-4911-4FBE-AC98-3D4C7D061F58}.Debug|Any CPU.ActiveCfg = Debug|Any CPU
		{FBBAC903-4911-4FBE-AC98-3D4C7D061F58}.Debug|Any CPU.Build.0 = Debug|Any CPU
		{FBBAC903-4911-4FBE-AC98-3D4C7D061F58}.Release|Any CPU.ActiveCfg = Release|Any CPU
		{FBBAC903-4911-4FBE-AC98-3D4C7D061F58}.Release|Any CPU.Build.0 = Release|Any CPU
		{CD10BD10-F30B-4065-B82E-213C6703BA76}.Debug|Any CPU.ActiveCfg = Debug|Any CPU
		{CD10BD10-F30B-4065-B82E-213C6703BA76}.Debug|Any CPU.Build.0 = Debug|Any CPU
		{CD10BD10-F30B-4065-B82E-213C6703BA76}.Release|Any CPU.ActiveCfg = Release|Any CPU
		{CD10BD10-F30B-4065-B82E-213C6703BA76}.Release|Any CPU.Build.0 = Release|Any CPU
	EndGlobalSection
	GlobalSection(SolutionProperties) = preSolution
		HideSolutionNode = FALSE
	EndGlobalSection
EndGlobal
